// !$*UTF8*$!
{
	archiveVersion = 1;
	classes = {
	};
	objectVersion = 56;
	objects = {

/* Begin PBXBuildFile section */
		54483D642B1E68B100BC1DD7 /* AppDelegate.swift in Sources */ = {isa = PBXBuildFile; fileRef = 54483D632B1E68B100BC1DD7 /* AppDelegate.swift */; };
		54483D662B1E68B100BC1DD7 /* SceneDelegate.swift in Sources */ = {isa = PBXBuildFile; fileRef = 54483D652B1E68B100BC1DD7 /* SceneDelegate.swift */; };
		54483D6D2B1E68B300BC1DD7 /* Assets.xcassets in Resources */ = {isa = PBXBuildFile; fileRef = 54483D6C2B1E68B300BC1DD7 /* Assets.xcassets */; };
		54483D702B1E68B300BC1DD7 /* LaunchScreen.storyboard in Resources */ = {isa = PBXBuildFile; fileRef = 54483D6E2B1E68B300BC1DD7 /* LaunchScreen.storyboard */; };
		54483D7E2B1E6B7E00BC1DD7 /* SplashViewController.swift in Sources */ = {isa = PBXBuildFile; fileRef = 54483D7C2B1E6B7E00BC1DD7 /* SplashViewController.swift */; };
		54483D7F2B1E6B7E00BC1DD7 /* SplashViewController.xib in Resources */ = {isa = PBXBuildFile; fileRef = 54483D7D2B1E6B7E00BC1DD7 /* SplashViewController.xib */; };
		54483D812B1E6C0A00BC1DD7 /* Colors.xcassets in Resources */ = {isa = PBXBuildFile; fileRef = 54483D802B1E6C0A00BC1DD7 /* Colors.xcassets */; };
		54483D842B1E6D3C00BC1DD7 /* RootRouter.swift in Sources */ = {isa = PBXBuildFile; fileRef = 54483D832B1E6D3C00BC1DD7 /* RootRouter.swift */; };
		54483D882B1E70D000BC1DD7 /* HomeViewController.swift in Sources */ = {isa = PBXBuildFile; fileRef = 54483D862B1E70CF00BC1DD7 /* HomeViewController.swift */; };
		54483D892B1E70D000BC1DD7 /* HomeViewController.xib in Resources */ = {isa = PBXBuildFile; fileRef = 54483D872B1E70CF00BC1DD7 /* HomeViewController.xib */; };
		54483D8B2B1E71FB00BC1DD7 /* AppNavController.swift in Sources */ = {isa = PBXBuildFile; fileRef = 54483D8A2B1E71FB00BC1DD7 /* AppNavController.swift */; };
		54483D8D2B1E74CA00BC1DD7 /* AppTabBarController.swift in Sources */ = {isa = PBXBuildFile; fileRef = 54483D8C2B1E74CA00BC1DD7 /* AppTabBarController.swift */; };
		54483D912B1E75D700BC1DD7 /* ProfileViewController.swift in Sources */ = {isa = PBXBuildFile; fileRef = 54483D8F2B1E75D700BC1DD7 /* ProfileViewController.swift */; };
		54483D922B1E75D700BC1DD7 /* ProfileViewController.xib in Resources */ = {isa = PBXBuildFile; fileRef = 54483D902B1E75D700BC1DD7 /* ProfileViewController.xib */; };
/* End PBXBuildFile section */

/* Begin PBXFileReference section */
		54483D602B1E68B100BC1DD7 /* Instagram.app */ = {isa = PBXFileReference; explicitFileType = wrapper.application; includeInIndex = 0; path = Instagram.app; sourceTree = BUILT_PRODUCTS_DIR; };
		54483D632B1E68B100BC1DD7 /* AppDelegate.swift */ = {isa = PBXFileReference; lastKnownFileType = sourcecode.swift; path = AppDelegate.swift; sourceTree = "<group>"; };
		54483D652B1E68B100BC1DD7 /* SceneDelegate.swift */ = {isa = PBXFileReference; lastKnownFileType = sourcecode.swift; path = SceneDelegate.swift; sourceTree = "<group>"; };
		54483D6C2B1E68B300BC1DD7 /* Assets.xcassets */ = {isa = PBXFileReference; lastKnownFileType = folder.assetcatalog; path = Assets.xcassets; sourceTree = "<group>"; };
		54483D6F2B1E68B300BC1DD7 /* Base */ = {isa = PBXFileReference; lastKnownFileType = file.storyboard; name = Base; path = Base.lproj/LaunchScreen.storyboard; sourceTree = "<group>"; };
		54483D712B1E68B300BC1DD7 /* Info.plist */ = {isa = PBXFileReference; lastKnownFileType = text.plist.xml; path = Info.plist; sourceTree = "<group>"; };
		54483D7C2B1E6B7E00BC1DD7 /* SplashViewController.swift */ = {isa = PBXFileReference; lastKnownFileType = sourcecode.swift; path = SplashViewController.swift; sourceTree = "<group>"; };
		54483D7D2B1E6B7E00BC1DD7 /* SplashViewController.xib */ = {isa = PBXFileReference; lastKnownFileType = file.xib; path = SplashViewController.xib; sourceTree = "<group>"; };
		54483D802B1E6C0A00BC1DD7 /* Colors.xcassets */ = {isa = PBXFileReference; lastKnownFileType = folder.assetcatalog; path = Colors.xcassets; sourceTree = "<group>"; };
		54483D832B1E6D3C00BC1DD7 /* RootRouter.swift */ = {isa = PBXFileReference; lastKnownFileType = sourcecode.swift; path = RootRouter.swift; sourceTree = "<group>"; };
		54483D862B1E70CF00BC1DD7 /* HomeViewController.swift */ = {isa = PBXFileReference; lastKnownFileType = sourcecode.swift; path = HomeViewController.swift; sourceTree = "<group>"; };
		54483D872B1E70CF00BC1DD7 /* HomeViewController.xib */ = {isa = PBXFileReference; lastKnownFileType = file.xib; path = HomeViewController.xib; sourceTree = "<group>"; };
		54483D8A2B1E71FB00BC1DD7 /* AppNavController.swift */ = {isa = PBXFileReference; lastKnownFileType = sourcecode.swift; path = AppNavController.swift; sourceTree = "<group>"; };
		54483D8C2B1E74CA00BC1DD7 /* AppTabBarController.swift */ = {isa = PBXFileReference; lastKnownFileType = sourcecode.swift; path = AppTabBarController.swift; sourceTree = "<group>"; };
		54483D8F2B1E75D700BC1DD7 /* ProfileViewController.swift */ = {isa = PBXFileReference; lastKnownFileType = sourcecode.swift; path = ProfileViewController.swift; sourceTree = "<group>"; };
		54483D902B1E75D700BC1DD7 /* ProfileViewController.xib */ = {isa = PBXFileReference; lastKnownFileType = file.xib; path = ProfileViewController.xib; sourceTree = "<group>"; };
/* End PBXFileReference section */

/* Begin PBXFrameworksBuildPhase section */
		54483D5D2B1E68B100BC1DD7 /* Frameworks */ = {
			isa = PBXFrameworksBuildPhase;
			buildActionMask = 2147483647;
			files = (
			);
			runOnlyForDeploymentPostprocessing = 0;
		};
/* End PBXFrameworksBuildPhase section */

/* Begin PBXGroup section */
		54483D572B1E68B100BC1DD7 = {
			isa = PBXGroup;
			children = (
				54483D622B1E68B100BC1DD7 /* Instagram */,
				54483D612B1E68B100BC1DD7 /* Products */,
			);
			sourceTree = "<group>";
		};
		54483D612B1E68B100BC1DD7 /* Products */ = {
			isa = PBXGroup;
			children = (
				54483D602B1E68B100BC1DD7 /* Instagram.app */,
			);
			name = Products;
			sourceTree = "<group>";
		};
		54483D622B1E68B100BC1DD7 /* Instagram */ = {
			isa = PBXGroup;
			children = (
				54483D772B1E6B2C00BC1DD7 /* App */,
				54483D782B1E6B3900BC1DD7 /* Modules */,
				54483D792B1E6B4100BC1DD7 /* Resources */,
				54483D822B1E6D2F00BC1DD7 /* Utilities */,
				54483D712B1E68B300BC1DD7 /* Info.plist */,
			);
			path = Instagram;
			sourceTree = "<group>";
		};
		54483D772B1E6B2C00BC1DD7 /* App */ = {
			isa = PBXGroup;
			children = (
				54483D632B1E68B100BC1DD7 /* AppDelegate.swift */,
				54483D652B1E68B100BC1DD7 /* SceneDelegate.swift */,
			);
			path = App;
			sourceTree = "<group>";
		};
		54483D782B1E6B3900BC1DD7 /* Modules */ = {
			isa = PBXGroup;
			children = (
				54483D8E2B1E75C500BC1DD7 /* Profile */,
				54483D852B1E70C100BC1DD7 /* Home */,
				54483D7B2B1E6B6600BC1DD7 /* Splash */,
				54483D7A2B1E6B4F00BC1DD7 /* Launch */,
			);
			path = Modules;
			sourceTree = "<group>";
		};
		54483D792B1E6B4100BC1DD7 /* Resources */ = {
			isa = PBXGroup;
			children = (
				54483D6C2B1E68B300BC1DD7 /* Assets.xcassets */,
				54483D802B1E6C0A00BC1DD7 /* Colors.xcassets */,
			);
			path = Resources;
			sourceTree = "<group>";
		};
		54483D7A2B1E6B4F00BC1DD7 /* Launch */ = {
			isa = PBXGroup;
			children = (
				54483D6E2B1E68B300BC1DD7 /* LaunchScreen.storyboard */,
			);
			path = Launch;
			sourceTree = "<group>";
		};
		54483D7B2B1E6B6600BC1DD7 /* Splash */ = {
			isa = PBXGroup;
			children = (
				54483D7C2B1E6B7E00BC1DD7 /* SplashViewController.swift */,
				54483D7D2B1E6B7E00BC1DD7 /* SplashViewController.xib */,
			);
			path = Splash;
			sourceTree = "<group>";
		};
		54483D822B1E6D2F00BC1DD7 /* Utilities */ = {
			isa = PBXGroup;
			children = (
				54483D832B1E6D3C00BC1DD7 /* RootRouter.swift */,
				54483D8A2B1E71FB00BC1DD7 /* AppNavController.swift */,
				54483D8C2B1E74CA00BC1DD7 /* AppTabBarController.swift */,
			);
			path = Utilities;
			sourceTree = "<group>";
		};
		54483D852B1E70C100BC1DD7 /* Home */ = {
			isa = PBXGroup;
			children = (
				54483D862B1E70CF00BC1DD7 /* HomeViewController.swift */,
				54483D872B1E70CF00BC1DD7 /* HomeViewController.xib */,
			);
			path = Home;
			sourceTree = "<group>";
		};
		54483D8E2B1E75C500BC1DD7 /* Profile */ = {
			isa = PBXGroup;
			children = (
				54483D8F2B1E75D700BC1DD7 /* ProfileViewController.swift */,
				54483D902B1E75D700BC1DD7 /* ProfileViewController.xib */,
			);
			path = Profile;
			sourceTree = "<group>";
		};
/* End PBXGroup section */

/* Begin PBXNativeTarget section */
		54483D5F2B1E68B100BC1DD7 /* Instagram */ = {
			isa = PBXNativeTarget;
			buildConfigurationList = 54483D742B1E68B300BC1DD7 /* Build configuration list for PBXNativeTarget "Instagram" */;
			buildPhases = (
				54483D5C2B1E68B100BC1DD7 /* Sources */,
				54483D5D2B1E68B100BC1DD7 /* Frameworks */,
				54483D5E2B1E68B100BC1DD7 /* Resources */,
			);
			buildRules = (
			);
			dependencies = (
			);
			name = Instagram;
			productName = Instagram;
			productReference = 54483D602B1E68B100BC1DD7 /* Instagram.app */;
			productType = "com.apple.product-type.application";
		};
/* End PBXNativeTarget section */

/* Begin PBXProject section */
		54483D582B1E68B100BC1DD7 /* Project object */ = {
			isa = PBXProject;
			attributes = {
				BuildIndependentTargetsInParallel = 1;
				LastSwiftUpdateCheck = 1500;
				LastUpgradeCheck = 1500;
				TargetAttributes = {
					54483D5F2B1E68B100BC1DD7 = {
						CreatedOnToolsVersion = 15.0.1;
					};
				};
			};
			buildConfigurationList = 54483D5B2B1E68B100BC1DD7 /* Build configuration list for PBXProject "Instagram" */;
			compatibilityVersion = "Xcode 14.0";
			developmentRegion = en;
			hasScannedForEncodings = 0;
			knownRegions = (
				en,
				Base,
			);
			mainGroup = 54483D572B1E68B100BC1DD7;
			productRefGroup = 54483D612B1E68B100BC1DD7 /* Products */;
			projectDirPath = "";
			projectRoot = "";
			targets = (
				54483D5F2B1E68B100BC1DD7 /* Instagram */,
			);
		};
/* End PBXProject section */

/* Begin PBXResourcesBuildPhase section */
		54483D5E2B1E68B100BC1DD7 /* Resources */ = {
			isa = PBXResourcesBuildPhase;
			buildActionMask = 2147483647;
			files = (
				54483D922B1E75D700BC1DD7 /* ProfileViewController.xib in Resources */,
				54483D702B1E68B300BC1DD7 /* LaunchScreen.storyboard in Resources */,
				54483D812B1E6C0A00BC1DD7 /* Colors.xcassets in Resources */,
				54483D892B1E70D000BC1DD7 /* HomeViewController.xib in Resources */,
				54483D7F2B1E6B7E00BC1DD7 /* SplashViewController.xib in Resources */,
				54483D6D2B1E68B300BC1DD7 /* Assets.xcassets in Resources */,
			);
			runOnlyForDeploymentPostprocessing = 0;
		};
/* End PBXResourcesBuildPhase section */

/* Begin PBXSourcesBuildPhase section */
		54483D5C2B1E68B100BC1DD7 /* Sources */ = {
			isa = PBXSourcesBuildPhase;
			buildActionMask = 2147483647;
			files = (
				54483D882B1E70D000BC1DD7 /* HomeViewController.swift in Sources */,
				54483D842B1E6D3C00BC1DD7 /* RootRouter.swift in Sources */,
				54483D8D2B1E74CA00BC1DD7 /* AppTabBarController.swift in Sources */,
				54483D7E2B1E6B7E00BC1DD7 /* SplashViewController.swift in Sources */,
				54483D642B1E68B100BC1DD7 /* AppDelegate.swift in Sources */,
				54483D662B1E68B100BC1DD7 /* SceneDelegate.swift in Sources */,
				54483D912B1E75D700BC1DD7 /* ProfileViewController.swift in Sources */,
				54483D8B2B1E71FB00BC1DD7 /* AppNavController.swift in Sources */,
			);
			runOnlyForDeploymentPostprocessing = 0;
		};
/* End PBXSourcesBuildPhase section */

/* Begin PBXVariantGroup section */
		54483D6E2B1E68B300BC1DD7 /* LaunchScreen.storyboard */ = {
			isa = PBXVariantGroup;
			children = (
				54483D6F2B1E68B300BC1DD7 /* Base */,
			);
			name = LaunchScreen.storyboard;
			sourceTree = "<group>";
		};
/* End PBXVariantGroup section */

/* Begin XCBuildConfiguration section */
		54483D722B1E68B300BC1DD7 /* Debug */ = {
			isa = XCBuildConfiguration;
			buildSettings = {
				ALWAYS_SEARCH_USER_PATHS = NO;
				ASSETCATALOG_COMPILER_GENERATE_SWIFT_ASSET_SYMBOL_EXTENSIONS = YES;
				CLANG_ANALYZER_NONNULL = YES;
				CLANG_ANALYZER_NUMBER_OBJECT_CONVERSION = YES_AGGRESSIVE;
				CLANG_CXX_LANGUAGE_STANDARD = "gnu++20";
				CLANG_ENABLE_MODULES = YES;
				CLANG_ENABLE_OBJC_ARC = YES;
				CLANG_ENABLE_OBJC_WEAK = YES;
				CLANG_WARN_BLOCK_CAPTURE_AUTORELEASING = YES;
				CLANG_WARN_BOOL_CONVERSION = YES;
				CLANG_WARN_COMMA = YES;
				CLANG_WARN_CONSTANT_CONVERSION = YES;
				CLANG_WARN_DEPRECATED_OBJC_IMPLEMENTATIONS = YES;
				CLANG_WARN_DIRECT_OBJC_ISA_USAGE = YES_ERROR;
				CLANG_WARN_DOCUMENTATION_COMMENTS = YES;
				CLANG_WARN_EMPTY_BODY = YES;
				CLANG_WARN_ENUM_CONVERSION = YES;
				CLANG_WARN_INFINITE_RECURSION = YES;
				CLANG_WARN_INT_CONVERSION = YES;
				CLANG_WARN_NON_LITERAL_NULL_CONVERSION = YES;
				CLANG_WARN_OBJC_IMPLICIT_RETAIN_SELF = YES;
				CLANG_WARN_OBJC_LITERAL_CONVERSION = YES;
				CLANG_WARN_OBJC_ROOT_CLASS = YES_ERROR;
				CLANG_WARN_QUOTED_INCLUDE_IN_FRAMEWORK_HEADER = YES;
				CLANG_WARN_RANGE_LOOP_ANALYSIS = YES;
				CLANG_WARN_STRICT_PROTOTYPES = YES;
				CLANG_WARN_SUSPICIOUS_MOVE = YES;
				CLANG_WARN_UNGUARDED_AVAILABILITY = YES_AGGRESSIVE;
				CLANG_WARN_UNREACHABLE_CODE = YES;
				CLANG_WARN__DUPLICATE_METHOD_MATCH = YES;
				COPY_PHASE_STRIP = NO;
				DEBUG_INFORMATION_FORMAT = dwarf;
				ENABLE_STRICT_OBJC_MSGSEND = YES;
				ENABLE_TESTABILITY = YES;
				ENABLE_USER_SCRIPT_SANDBOXING = YES;
				GCC_C_LANGUAGE_STANDARD = gnu17;
				GCC_DYNAMIC_NO_PIC = NO;
				GCC_NO_COMMON_BLOCKS = YES;
				GCC_OPTIMIZATION_LEVEL = 0;
				GCC_PREPROCESSOR_DEFINITIONS = (
					"DEBUG=1",
					"$(inherited)",
				);
				GCC_WARN_64_TO_32_BIT_CONVERSION = YES;
				GCC_WARN_ABOUT_RETURN_TYPE = YES_ERROR;
				GCC_WARN_UNDECLARED_SELECTOR = YES;
				GCC_WARN_UNINITIALIZED_AUTOS = YES_AGGRESSIVE;
				GCC_WARN_UNUSED_FUNCTION = YES;
				GCC_WARN_UNUSED_VARIABLE = YES;
				IPHONEOS_DEPLOYMENT_TARGET = 17.0;
				LOCALIZATION_PREFERS_STRING_CATALOGS = YES;
				MTL_ENABLE_DEBUG_INFO = INCLUDE_SOURCE;
				MTL_FAST_MATH = YES;
				ONLY_ACTIVE_ARCH = YES;
				SDKROOT = iphoneos;
				SWIFT_ACTIVE_COMPILATION_CONDITIONS = "DEBUG $(inherited)";
				SWIFT_OPTIMIZATION_LEVEL = "-Onone";
			};
			name = Debug;
		};
		54483D732B1E68B300BC1DD7 /* Release */ = {
			isa = XCBuildConfiguration;
			buildSettings = {
				ALWAYS_SEARCH_USER_PATHS = NO;
				ASSETCATALOG_COMPILER_GENERATE_SWIFT_ASSET_SYMBOL_EXTENSIONS = YES;
				CLANG_ANALYZER_NONNULL = YES;
				CLANG_ANALYZER_NUMBER_OBJECT_CONVERSION = YES_AGGRESSIVE;
				CLANG_CXX_LANGUAGE_STANDARD = "gnu++20";
				CLANG_ENABLE_MODULES = YES;
				CLANG_ENABLE_OBJC_ARC = YES;
				CLANG_ENABLE_OBJC_WEAK = YES;
				CLANG_WARN_BLOCK_CAPTURE_AUTORELEASING = YES;
				CLANG_WARN_BOOL_CONVERSION = YES;
				CLANG_WARN_COMMA = YES;
				CLANG_WARN_CONSTANT_CONVERSION = YES;
				CLANG_WARN_DEPRECATED_OBJC_IMPLEMENTATIONS = YES;
				CLANG_WARN_DIRECT_OBJC_ISA_USAGE = YES_ERROR;
				CLANG_WARN_DOCUMENTATION_COMMENTS = YES;
				CLANG_WARN_EMPTY_BODY = YES;
				CLANG_WARN_ENUM_CONVERSION = YES;
				CLANG_WARN_INFINITE_RECURSION = YES;
				CLANG_WARN_INT_CONVERSION = YES;
				CLANG_WARN_NON_LITERAL_NULL_CONVERSION = YES;
				CLANG_WARN_OBJC_IMPLICIT_RETAIN_SELF = YES;
				CLANG_WARN_OBJC_LITERAL_CONVERSION = YES;
				CLANG_WARN_OBJC_ROOT_CLASS = YES_ERROR;
				CLANG_WARN_QUOTED_INCLUDE_IN_FRAMEWORK_HEADER = YES;
				CLANG_WARN_RANGE_LOOP_ANALYSIS = YES;
				CLANG_WARN_STRICT_PROTOTYPES = YES;
				CLANG_WARN_SUSPICIOUS_MOVE = YES;
				CLANG_WARN_UNGUARDED_AVAILABILITY = YES_AGGRESSIVE;
				CLANG_WARN_UNREACHABLE_CODE = YES;
				CLANG_WARN__DUPLICATE_METHOD_MATCH = YES;
				COPY_PHASE_STRIP = NO;
				DEBUG_INFORMATION_FORMAT = "dwarf-with-dsym";
				ENABLE_NS_ASSERTIONS = NO;
				ENABLE_STRICT_OBJC_MSGSEND = YES;
				ENABLE_USER_SCRIPT_SANDBOXING = YES;
				GCC_C_LANGUAGE_STANDARD = gnu17;
				GCC_NO_COMMON_BLOCKS = YES;
				GCC_WARN_64_TO_32_BIT_CONVERSION = YES;
				GCC_WARN_ABOUT_RETURN_TYPE = YES_ERROR;
				GCC_WARN_UNDECLARED_SELECTOR = YES;
				GCC_WARN_UNINITIALIZED_AUTOS = YES_AGGRESSIVE;
				GCC_WARN_UNUSED_FUNCTION = YES;
				GCC_WARN_UNUSED_VARIABLE = YES;
				IPHONEOS_DEPLOYMENT_TARGET = 17.0;
				LOCALIZATION_PREFERS_STRING_CATALOGS = YES;
				MTL_ENABLE_DEBUG_INFO = NO;
				MTL_FAST_MATH = YES;
				SDKROOT = iphoneos;
				SWIFT_COMPILATION_MODE = wholemodule;
				VALIDATE_PRODUCT = YES;
			};
			name = Release;
		};
		54483D752B1E68B300BC1DD7 /* Debug */ = {
			isa = XCBuildConfiguration;
			buildSettings = {
				ASSETCATALOG_COMPILER_APPICON_NAME = AppIcon;
				ASSETCATALOG_COMPILER_GLOBAL_ACCENT_COLOR_NAME = AccentColor;
				CODE_SIGN_STYLE = Automatic;
				CURRENT_PROJECT_VERSION = 1;
				DEVELOPMENT_TEAM = M989A9QTSK;
				GENERATE_INFOPLIST_FILE = YES;
				INFOPLIST_FILE = Instagram/Info.plist;
				INFOPLIST_KEY_UIApplicationSupportsIndirectInputEvents = YES;
				INFOPLIST_KEY_UILaunchStoryboardName = LaunchScreen;
				INFOPLIST_KEY_UISupportedInterfaceOrientations_iPad = "UIInterfaceOrientationPortrait UIInterfaceOrientationPortraitUpsideDown UIInterfaceOrientationLandscapeLeft UIInterfaceOrientationLandscapeRight";
				INFOPLIST_KEY_UISupportedInterfaceOrientations_iPhone = "UIInterfaceOrientationPortrait UIInterfaceOrientationLandscapeLeft UIInterfaceOrientationLandscapeRight";
				LD_RUNPATH_SEARCH_PATHS = (
					"$(inherited)",
					"@executable_path/Frameworks",
				);
				MARKETING_VERSION = 1.0;
				PRODUCT_BUNDLE_IDENTIFIER = com.m7amdelbana.Instagram;
				PRODUCT_NAME = "$(TARGET_NAME)";
				SWIFT_EMIT_LOC_STRINGS = YES;
				SWIFT_VERSION = 5.0;
				TARGETED_DEVICE_FAMILY = "1,2";
			};
			name = Debug;
		};
		54483D762B1E68B300BC1DD7 /* Release */ = {
			isa = XCBuildConfiguration;
			buildSettings = {
				ASSETCATALOG_COMPILER_APPICON_NAME = AppIcon;
				ASSETCATALOG_COMPILER_GLOBAL_ACCENT_COLOR_NAME = AccentColor;
				CODE_SIGN_STYLE = Automatic;
				CURRENT_PROJECT_VERSION = 1;
				DEVELOPMENT_TEAM = M989A9QTSK;
				GENERATE_INFOPLIST_FILE = YES;
				INFOPLIST_FILE = Instagram/Info.plist;
				INFOPLIST_KEY_UIApplicationSupportsIndirectInputEvents = YES;
				INFOPLIST_KEY_UILaunchStoryboardName = LaunchScreen;
				INFOPLIST_KEY_UISupportedInterfaceOrientations_iPad = "UIInterfaceOrientationPortrait UIInterfaceOrientationPortraitUpsideDown UIInterfaceOrientationLandscapeLeft UIInterfaceOrientationLandscapeRight";
				INFOPLIST_KEY_UISupportedInterfaceOrientations_iPhone = "UIInterfaceOrientationPortrait UIInterfaceOrientationLandscapeLeft UIInterfaceOrientationLandscapeRight";
				LD_RUNPATH_SEARCH_PATHS = (
					"$(inherited)",
					"@executable_path/Frameworks",
				);
				MARKETING_VERSION = 1.0;
				PRODUCT_BUNDLE_IDENTIFIER = com.m7amdelbana.Instagram;
				PRODUCT_NAME = "$(TARGET_NAME)";
				SWIFT_EMIT_LOC_STRINGS = YES;
				SWIFT_VERSION = 5.0;
				TARGETED_DEVICE_FAMILY = "1,2";
			};
			name = Release;
		};
/* End XCBuildConfiguration section */

/* Begin XCConfigurationList section */
		54483D5B2B1E68B100BC1DD7 /* Build configuration list for PBXProject "Instagram" */ = {
			isa = XCConfigurationList;
			buildConfigurations = (
				54483D722B1E68B300BC1DD7 /* Debug */,
				54483D732B1E68B300BC1DD7 /* Release */,
			);
			defaultConfigurationIsVisible = 0;
			defaultConfigurationName = Release;
		};
		54483D742B1E68B300BC1DD7 /* Build configuration list for PBXNativeTarget "Instagram" */ = {
			isa = XCConfigurationList;
			buildConfigurations = (
				54483D752B1E68B300BC1DD7 /* Debug */,
				54483D762B1E68B300BC1DD7 /* Release */,
			);
			defaultConfigurationIsVisible = 0;
			defaultConfigurationName = Release;
		};
/* End XCConfigurationList section */
	};
	rootObject = 54483D582B1E68B100BC1DD7 /* Project object */;
}
