// !$*UTF8*$!
{
	archiveVersion = 1;
	classes = {
	};
	objectVersion = 56;
	objects = {

/* Begin PBXBuildFile section */
		542AA0B32AE32224003B811B /* UIView+Extensions.swift in Sources */ = {isa = PBXBuildFile; fileRef = 542AA0B22AE32224003B811B /* UIView+Extensions.swift */; };
		545BF9082AF19865008C9CFB /* TagView.swift in Sources */ = {isa = PBXBuildFile; fileRef = 545BF9072AF19865008C9CFB /* TagView.swift */; };
		545BF90A2AF19882008C9CFB /* TagView.xib in Resources */ = {isa = PBXBuildFile; fileRef = 545BF9092AF19882008C9CFB /* TagView.xib */; };
		54AD39A92AFA881E00F0D087 /* MyTasks.xcdatamodeld in Sources */ = {isa = PBXBuildFile; fileRef = 54AD39A72AFA881E00F0D087 /* MyTasks.xcdatamodeld */; };
		54AD39AD2AFA899C00F0D087 /* TaskViewController.swift in Sources */ = {isa = PBXBuildFile; fileRef = 54AD39AB2AFA899C00F0D087 /* TaskViewController.swift */; };
		54AD39AE2AFA899C00F0D087 /* TaskViewController.xib in Resources */ = {isa = PBXBuildFile; fileRef = 54AD39AC2AFA899C00F0D087 /* TaskViewController.xib */; };
		54AD39B02AFA92CD00F0D087 /* CoreDataManager.swift in Sources */ = {isa = PBXBuildFile; fileRef = 54AD39AF2AFA92CD00F0D087 /* CoreDataManager.swift */; };
		54AD39B52AFAC3DF00F0D087 /* TagSelectionCell.swift in Sources */ = {isa = PBXBuildFile; fileRef = 54AD39B32AFAC3DF00F0D087 /* TagSelectionCell.swift */; };
		54AD39B62AFAC3DF00F0D087 /* TagSelectionCell.xib in Resources */ = {isa = PBXBuildFile; fileRef = 54AD39B42AFAC3DF00F0D087 /* TagSelectionCell.xib */; };
		54AD39B92AFADA0F00F0D087 /* TaskFactory.swift in Sources */ = {isa = PBXBuildFile; fileRef = 54AD39B82AFADA0F00F0D087 /* TaskFactory.swift */; };
		54AD39BD2AFADFA400F0D087 /* HorizontalCell.swift in Sources */ = {isa = PBXBuildFile; fileRef = 54AD39BB2AFADFA400F0D087 /* HorizontalCell.swift */; };
		54AD39BE2AFADFA400F0D087 /* HorizontalCell.xib in Resources */ = {isa = PBXBuildFile; fileRef = 54AD39BC2AFADFA400F0D087 /* HorizontalCell.xib */; };
		54B09DB72AEC3A3B000EC488 /* HomeViewController.swift in Sources */ = {isa = PBXBuildFile; fileRef = 54B09DB12AEC395A000EC488 /* HomeViewController.swift */; };
		54B09DBD2AEC42AC000EC488 /* TaskTableViewCell.swift in Sources */ = {isa = PBXBuildFile; fileRef = 54B09DBB2AEC42AC000EC488 /* TaskTableViewCell.swift */; };
		54B09DBE2AEC42AC000EC488 /* TaskTableViewCell.xib in Resources */ = {isa = PBXBuildFile; fileRef = 54B09DBC2AEC42AC000EC488 /* TaskTableViewCell.xib */; };
		54B09DC02AEC481B000EC488 /* UIColor+Extensions.swift in Sources */ = {isa = PBXBuildFile; fileRef = 54B09DBF2AEC481B000EC488 /* UIColor+Extensions.swift */; };
		54B09DC42AEC4F51000EC488 /* MyTask.swift in Sources */ = {isa = PBXBuildFile; fileRef = 54B09DC32AEC4F51000EC488 /* MyTask.swift */; };
		54B09DC62AEC5B74000EC488 /* UITableView+Extensions.swift in Sources */ = {isa = PBXBuildFile; fileRef = 54B09DC52AEC5B74000EC488 /* UITableView+Extensions.swift */; };
		54B09DC82AEC5CA3000EC488 /* UICollectionView+Extensions.swift in Sources */ = {isa = PBXBuildFile; fileRef = 54B09DC72AEC5CA3000EC488 /* UICollectionView+Extensions.swift */; };
		54B09DCC2AEC63BE000EC488 /* TaskCollectionViewCell.swift in Sources */ = {isa = PBXBuildFile; fileRef = 54B09DCA2AEC63BE000EC488 /* TaskCollectionViewCell.swift */; };
		54B09DCD2AEC63BE000EC488 /* TaskCollectionViewCell.xib in Resources */ = {isa = PBXBuildFile; fileRef = 54B09DCB2AEC63BE000EC488 /* TaskCollectionViewCell.xib */; };
		54B09DD02AEC6630000EC488 /* Home+TableView.swift in Sources */ = {isa = PBXBuildFile; fileRef = 54B09DCF2AEC6630000EC488 /* Home+TableView.swift */; };
		54C111DC2AE3068E00EAFD50 /* Colors.xcassets in Resources */ = {isa = PBXBuildFile; fileRef = 54C111DB2AE3068E00EAFD50 /* Colors.xcassets */; };
		54C111DE2AE30A8D00EAFD50 /* SplashViewController.swift in Sources */ = {isa = PBXBuildFile; fileRef = 54C111DD2AE30A8D00EAFD50 /* SplashViewController.swift */; };
		54D89B042AF1800D003C2131 /* IntroductionViewController.xib in Resources */ = {isa = PBXBuildFile; fileRef = 54D89B022AF1800D003C2131 /* IntroductionViewController.xib */; };
		54D89B062AF18293003C2131 /* HomeViewController.xib in Resources */ = {isa = PBXBuildFile; fileRef = 54D89B052AF18293003C2131 /* HomeViewController.xib */; };
		54D89B092AF1832F003C2131 /* RootRouter.swift in Sources */ = {isa = PBXBuildFile; fileRef = 54D89B082AF1832F003C2131 /* RootRouter.swift */; };
		54D89B0D2AF18719003C2131 /* CreateAccountViewController.swift in Sources */ = {isa = PBXBuildFile; fileRef = 54D89B0B2AF18719003C2131 /* CreateAccountViewController.swift */; };
		54D89B0E2AF18719003C2131 /* CreateAccountViewController.xib in Resources */ = {isa = PBXBuildFile; fileRef = 54D89B0C2AF18719003C2131 /* CreateAccountViewController.xib */; };
		54D89B122AF1873A003C2131 /* LoginViewController.swift in Sources */ = {isa = PBXBuildFile; fileRef = 54D89B102AF1873A003C2131 /* LoginViewController.swift */; };
		54D89B132AF1873A003C2131 /* LoginViewController.xib in Resources */ = {isa = PBXBuildFile; fileRef = 54D89B112AF1873A003C2131 /* LoginViewController.xib */; };
		54D89B172AF18B73003C2131 /* AppTextField.swift in Sources */ = {isa = PBXBuildFile; fileRef = 54D89B162AF18B73003C2131 /* AppTextField.swift */; };
		54FD9E0E2ADF023300977ABA /* AppDelegate.swift in Sources */ = {isa = PBXBuildFile; fileRef = 54FD9E0D2ADF023300977ABA /* AppDelegate.swift */; };
		54FD9E102ADF023300977ABA /* SceneDelegate.swift in Sources */ = {isa = PBXBuildFile; fileRef = 54FD9E0F2ADF023300977ABA /* SceneDelegate.swift */; };
		54FD9E122ADF023300977ABA /* IntroductionViewController.swift in Sources */ = {isa = PBXBuildFile; fileRef = 54FD9E112ADF023300977ABA /* IntroductionViewController.swift */; };
		54FD9E152ADF023300977ABA /* Main.storyboard in Resources */ = {isa = PBXBuildFile; fileRef = 54FD9E132ADF023300977ABA /* Main.storyboard */; };
		54FD9E172ADF023400977ABA /* Assets.xcassets in Resources */ = {isa = PBXBuildFile; fileRef = 54FD9E162ADF023400977ABA /* Assets.xcassets */; };
		54FD9E1A2ADF023400977ABA /* LaunchScreen.storyboard in Resources */ = {isa = PBXBuildFile; fileRef = 54FD9E182ADF023400977ABA /* LaunchScreen.storyboard */; };
/* End PBXBuildFile section */

/* Begin PBXFileReference section */
		542AA0B22AE32224003B811B /* UIView+Extensions.swift */ = {isa = PBXFileReference; lastKnownFileType = sourcecode.swift; path = "UIView+Extensions.swift"; sourceTree = "<group>"; };
		545BF9072AF19865008C9CFB /* TagView.swift */ = {isa = PBXFileReference; lastKnownFileType = sourcecode.swift; path = TagView.swift; sourceTree = "<group>"; };
		545BF9092AF19882008C9CFB /* TagView.xib */ = {isa = PBXFileReference; lastKnownFileType = file.xib; path = TagView.xib; sourceTree = "<group>"; };
		54AD39A82AFA881E00F0D087 /* MyTasks.xcdatamodel */ = {isa = PBXFileReference; lastKnownFileType = wrapper.xcdatamodel; path = MyTasks.xcdatamodel; sourceTree = "<group>"; };
		54AD39AB2AFA899C00F0D087 /* TaskViewController.swift */ = {isa = PBXFileReference; lastKnownFileType = sourcecode.swift; path = TaskViewController.swift; sourceTree = "<group>"; };
		54AD39AC2AFA899C00F0D087 /* TaskViewController.xib */ = {isa = PBXFileReference; lastKnownFileType = file.xib; path = TaskViewController.xib; sourceTree = "<group>"; };
		54AD39AF2AFA92CD00F0D087 /* CoreDataManager.swift */ = {isa = PBXFileReference; lastKnownFileType = sourcecode.swift; path = CoreDataManager.swift; sourceTree = "<group>"; };
		54AD39B32AFAC3DF00F0D087 /* TagSelectionCell.swift */ = {isa = PBXFileReference; lastKnownFileType = sourcecode.swift; path = TagSelectionCell.swift; sourceTree = "<group>"; };
		54AD39B42AFAC3DF00F0D087 /* TagSelectionCell.xib */ = {isa = PBXFileReference; lastKnownFileType = file.xib; path = TagSelectionCell.xib; sourceTree = "<group>"; };
		54AD39B82AFADA0F00F0D087 /* TaskFactory.swift */ = {isa = PBXFileReference; lastKnownFileType = sourcecode.swift; path = TaskFactory.swift; sourceTree = "<group>"; };
		54AD39BB2AFADFA400F0D087 /* HorizontalCell.swift */ = {isa = PBXFileReference; lastKnownFileType = sourcecode.swift; path = HorizontalCell.swift; sourceTree = "<group>"; };
		54AD39BC2AFADFA400F0D087 /* HorizontalCell.xib */ = {isa = PBXFileReference; lastKnownFileType = file.xib; path = HorizontalCell.xib; sourceTree = "<group>"; };
		54B09DB12AEC395A000EC488 /* HomeViewController.swift */ = {isa = PBXFileReference; lastKnownFileType = sourcecode.swift; path = HomeViewController.swift; sourceTree = "<group>"; };
		54B09DBB2AEC42AC000EC488 /* TaskTableViewCell.swift */ = {isa = PBXFileReference; lastKnownFileType = sourcecode.swift; path = TaskTableViewCell.swift; sourceTree = "<group>"; };
		54B09DBC2AEC42AC000EC488 /* TaskTableViewCell.xib */ = {isa = PBXFileReference; lastKnownFileType = file.xib; path = TaskTableViewCell.xib; sourceTree = "<group>"; };
		54B09DBF2AEC481B000EC488 /* UIColor+Extensions.swift */ = {isa = PBXFileReference; lastKnownFileType = sourcecode.swift; path = "UIColor+Extensions.swift"; sourceTree = "<group>"; };
		54B09DC32AEC4F51000EC488 /* MyTask.swift */ = {isa = PBXFileReference; lastKnownFileType = sourcecode.swift; path = MyTask.swift; sourceTree = "<group>"; };
		54B09DC52AEC5B74000EC488 /* UITableView+Extensions.swift */ = {isa = PBXFileReference; lastKnownFileType = sourcecode.swift; path = "UITableView+Extensions.swift"; sourceTree = "<group>"; };
		54B09DC72AEC5CA3000EC488 /* UICollectionView+Extensions.swift */ = {isa = PBXFileReference; lastKnownFileType = sourcecode.swift; path = "UICollectionView+Extensions.swift"; sourceTree = "<group>"; };
		54B09DCA2AEC63BE000EC488 /* TaskCollectionViewCell.swift */ = {isa = PBXFileReference; lastKnownFileType = sourcecode.swift; path = TaskCollectionViewCell.swift; sourceTree = "<group>"; };
		54B09DCB2AEC63BE000EC488 /* TaskCollectionViewCell.xib */ = {isa = PBXFileReference; lastKnownFileType = file.xib; path = TaskCollectionViewCell.xib; sourceTree = "<group>"; };
		54B09DCF2AEC6630000EC488 /* Home+TableView.swift */ = {isa = PBXFileReference; lastKnownFileType = sourcecode.swift; path = "Home+TableView.swift"; sourceTree = "<group>"; };
		54C111DB2AE3068E00EAFD50 /* Colors.xcassets */ = {isa = PBXFileReference; lastKnownFileType = folder.assetcatalog; path = Colors.xcassets; sourceTree = "<group>"; };
		54C111DD2AE30A8D00EAFD50 /* SplashViewController.swift */ = {isa = PBXFileReference; lastKnownFileType = sourcecode.swift; path = SplashViewController.swift; sourceTree = "<group>"; };
		54D89B022AF1800D003C2131 /* IntroductionViewController.xib */ = {isa = PBXFileReference; lastKnownFileType = file.xib; path = IntroductionViewController.xib; sourceTree = "<group>"; };
		54D89B052AF18293003C2131 /* HomeViewController.xib */ = {isa = PBXFileReference; lastKnownFileType = file.xib; path = HomeViewController.xib; sourceTree = "<group>"; };
		54D89B082AF1832F003C2131 /* RootRouter.swift */ = {isa = PBXFileReference; lastKnownFileType = sourcecode.swift; path = RootRouter.swift; sourceTree = "<group>"; };
		54D89B0B2AF18719003C2131 /* CreateAccountViewController.swift */ = {isa = PBXFileReference; lastKnownFileType = sourcecode.swift; path = CreateAccountViewController.swift; sourceTree = "<group>"; };
		54D89B0C2AF18719003C2131 /* CreateAccountViewController.xib */ = {isa = PBXFileReference; lastKnownFileType = file.xib; path = CreateAccountViewController.xib; sourceTree = "<group>"; };
		54D89B102AF1873A003C2131 /* LoginViewController.swift */ = {isa = PBXFileReference; lastKnownFileType = sourcecode.swift; path = LoginViewController.swift; sourceTree = "<group>"; };
		54D89B112AF1873A003C2131 /* LoginViewController.xib */ = {isa = PBXFileReference; lastKnownFileType = file.xib; path = LoginViewController.xib; sourceTree = "<group>"; };
		54D89B162AF18B73003C2131 /* AppTextField.swift */ = {isa = PBXFileReference; lastKnownFileType = sourcecode.swift; path = AppTextField.swift; sourceTree = "<group>"; };
		54FD9E0A2ADF023300977ABA /* MyTasks.app */ = {isa = PBXFileReference; explicitFileType = wrapper.application; includeInIndex = 0; path = MyTasks.app; sourceTree = BUILT_PRODUCTS_DIR; };
		54FD9E0D2ADF023300977ABA /* AppDelegate.swift */ = {isa = PBXFileReference; lastKnownFileType = sourcecode.swift; path = AppDelegate.swift; sourceTree = "<group>"; };
		54FD9E0F2ADF023300977ABA /* SceneDelegate.swift */ = {isa = PBXFileReference; lastKnownFileType = sourcecode.swift; path = SceneDelegate.swift; sourceTree = "<group>"; };
		54FD9E112ADF023300977ABA /* IntroductionViewController.swift */ = {isa = PBXFileReference; lastKnownFileType = sourcecode.swift; path = IntroductionViewController.swift; sourceTree = "<group>"; };
		54FD9E142ADF023300977ABA /* Base */ = {isa = PBXFileReference; lastKnownFileType = file.storyboard; name = Base; path = Base.lproj/Main.storyboard; sourceTree = "<group>"; };
		54FD9E162ADF023400977ABA /* Assets.xcassets */ = {isa = PBXFileReference; lastKnownFileType = folder.assetcatalog; path = Assets.xcassets; sourceTree = "<group>"; };
		54FD9E192ADF023400977ABA /* Base */ = {isa = PBXFileReference; lastKnownFileType = file.storyboard; name = Base; path = Base.lproj/LaunchScreen.storyboard; sourceTree = "<group>"; };
		54FD9E1B2ADF023400977ABA /* Info.plist */ = {isa = PBXFileReference; lastKnownFileType = text.plist.xml; path = Info.plist; sourceTree = "<group>"; };
/* End PBXFileReference section */

/* Begin PBXFrameworksBuildPhase section */
		54FD9E072ADF023300977ABA /* Frameworks */ = {
			isa = PBXFrameworksBuildPhase;
			buildActionMask = 2147483647;
			files = (
			);
			runOnlyForDeploymentPostprocessing = 0;
		};
/* End PBXFrameworksBuildPhase section */

/* Begin PBXGroup section */
		542AA0B12AE321E8003B811B /* Extensions */ = {
			isa = PBXGroup;
			children = (
				542AA0B22AE32224003B811B /* UIView+Extensions.swift */,
				54B09DBF2AEC481B000EC488 /* UIColor+Extensions.swift */,
				54B09DC52AEC5B74000EC488 /* UITableView+Extensions.swift */,
				54B09DC72AEC5CA3000EC488 /* UICollectionView+Extensions.swift */,
			);
			path = Extensions;
			sourceTree = "<group>";
		};
		545BF9062AF19842008C9CFB /* TagView */ = {
			isa = PBXGroup;
			children = (
				545BF9072AF19865008C9CFB /* TagView.swift */,
				545BF9092AF19882008C9CFB /* TagView.xib */,
			);
			path = TagView;
			sourceTree = "<group>";
		};
		54AD39A52AFA87C900F0D087 /* Local */ = {
			isa = PBXGroup;
			children = (
				54AD39A72AFA881E00F0D087 /* MyTasks.xcdatamodeld */,
				54AD39AF2AFA92CD00F0D087 /* CoreDataManager.swift */,
			);
			path = Local;
			sourceTree = "<group>";
		};
		54AD39A62AFA87DC00F0D087 /* Router */ = {
			isa = PBXGroup;
			children = (
				54D89B082AF1832F003C2131 /* RootRouter.swift */,
			);
			path = Router;
			sourceTree = "<group>";
		};
		54AD39AA2AFA897E00F0D087 /* Task */ = {
			isa = PBXGroup;
			children = (
				54AD39B72AFAD9E700F0D087 /* Factory */,
				54AD39B12AFAC3B400F0D087 /* Cell */,
				54AD39AB2AFA899C00F0D087 /* TaskViewController.swift */,
				54AD39AC2AFA899C00F0D087 /* TaskViewController.xib */,
			);
			path = Task;
			sourceTree = "<group>";
		};
		54AD39B12AFAC3B400F0D087 /* Cell */ = {
			isa = PBXGroup;
			children = (
				54AD39B22AFAC3C000F0D087 /* TagSelectionCell */,
			);
			path = Cell;
			sourceTree = "<group>";
		};
		54AD39B22AFAC3C000F0D087 /* TagSelectionCell */ = {
			isa = PBXGroup;
			children = (
				54AD39B32AFAC3DF00F0D087 /* TagSelectionCell.swift */,
				54AD39B42AFAC3DF00F0D087 /* TagSelectionCell.xib */,
			);
			path = TagSelectionCell;
			sourceTree = "<group>";
		};
		54AD39B72AFAD9E700F0D087 /* Factory */ = {
			isa = PBXGroup;
			children = (
				54AD39B82AFADA0F00F0D087 /* TaskFactory.swift */,
			);
			path = Factory;
			sourceTree = "<group>";
		};
		54AD39BA2AFADF8700F0D087 /* HorizontalCell */ = {
			isa = PBXGroup;
			children = (
				54AD39BB2AFADFA400F0D087 /* HorizontalCell.swift */,
				54AD39BC2AFADFA400F0D087 /* HorizontalCell.xib */,
			);
			path = HorizontalCell;
			sourceTree = "<group>";
		};
		54B09DB02AEC38D5000EC488 /* Modules */ = {
			isa = PBXGroup;
			children = (
				54AD39AA2AFA897E00F0D087 /* Task */,
				54D89B0F2AF1872C003C2131 /* Login */,
				54D89B0A2AF186FD003C2131 /* CreateAccount */,
				54D89B002AF17FD0003C2131 /* Introduction */,
				54D89AFF2AF17FB3003C2131 /* Splash */,
				54B09DB82AEC425F000EC488 /* Home */,
			);
			path = Modules;
			sourceTree = "<group>";
		};
		54B09DB82AEC425F000EC488 /* Home */ = {
			isa = PBXGroup;
			children = (
				54B09DB92AEC4266000EC488 /* Cells */,
				54B09DB12AEC395A000EC488 /* HomeViewController.swift */,
				54B09DCF2AEC6630000EC488 /* Home+TableView.swift */,
				54D89B052AF18293003C2131 /* HomeViewController.xib */,
			);
			path = Home;
			sourceTree = "<group>";
		};
		54B09DB92AEC4266000EC488 /* Cells */ = {
			isa = PBXGroup;
			children = (
				54AD39BA2AFADF8700F0D087 /* HorizontalCell */,
				54B09DC12AEC4F37000EC488 /* Model */,
				54B09DC92AEC63A2000EC488 /* TaskCollectionViewCell */,
				54B09DBA2AEC427F000EC488 /* TaskTableViewCell */,
			);
			path = Cells;
			sourceTree = "<group>";
		};
		54B09DBA2AEC427F000EC488 /* TaskTableViewCell */ = {
			isa = PBXGroup;
			children = (
				54B09DC22AEC4F3D000EC488 /* UI */,
			);
			path = TaskTableViewCell;
			sourceTree = "<group>";
		};
		54B09DC12AEC4F37000EC488 /* Model */ = {
			isa = PBXGroup;
			children = (
				54B09DC32AEC4F51000EC488 /* MyTask.swift */,
			);
			path = Model;
			sourceTree = "<group>";
		};
		54B09DC22AEC4F3D000EC488 /* UI */ = {
			isa = PBXGroup;
			children = (
				54B09DBB2AEC42AC000EC488 /* TaskTableViewCell.swift */,
				54B09DBC2AEC42AC000EC488 /* TaskTableViewCell.xib */,
			);
			path = UI;
			sourceTree = "<group>";
		};
		54B09DC92AEC63A2000EC488 /* TaskCollectionViewCell */ = {
			isa = PBXGroup;
			children = (
				54B09DCE2AEC65FE000EC488 /* UI */,
			);
			path = TaskCollectionViewCell;
			sourceTree = "<group>";
		};
		54B09DCE2AEC65FE000EC488 /* UI */ = {
			isa = PBXGroup;
			children = (
				54B09DCA2AEC63BE000EC488 /* TaskCollectionViewCell.swift */,
				54B09DCB2AEC63BE000EC488 /* TaskCollectionViewCell.xib */,
			);
			path = UI;
			sourceTree = "<group>";
		};
		54C111DF2AE30B5500EAFD50 /* App */ = {
			isa = PBXGroup;
			children = (
				54FD9E0D2ADF023300977ABA /* AppDelegate.swift */,
				54FD9E0F2ADF023300977ABA /* SceneDelegate.swift */,
			);
			path = App;
			sourceTree = "<group>";
		};
		54C111E02AE30B5C00EAFD50 /* Resources */ = {
			isa = PBXGroup;
			children = (
				54C111DB2AE3068E00EAFD50 /* Colors.xcassets */,
				54FD9E162ADF023400977ABA /* Assets.xcassets */,
			);
			path = Resources;
			sourceTree = "<group>";
		};
		54D89AFF2AF17FB3003C2131 /* Splash */ = {
			isa = PBXGroup;
			children = (
				54C111DD2AE30A8D00EAFD50 /* SplashViewController.swift */,
			);
			path = Splash;
			sourceTree = "<group>";
		};
		54D89B002AF17FD0003C2131 /* Introduction */ = {
			isa = PBXGroup;
			children = (
				54FD9E112ADF023300977ABA /* IntroductionViewController.swift */,
				54D89B022AF1800D003C2131 /* IntroductionViewController.xib */,
			);
			path = Introduction;
			sourceTree = "<group>";
		};
		54D89B072AF18321003C2131 /* Utilities */ = {
			isa = PBXGroup;
			children = (
				54AD39A52AFA87C900F0D087 /* Local */,
				54C111E02AE30B5C00EAFD50 /* Resources */,
				542AA0B12AE321E8003B811B /* Extensions */,
				54D89B142AF18B3B003C2131 /* Components */,
				54AD39A62AFA87DC00F0D087 /* Router */,
			);
			path = Utilities;
			sourceTree = "<group>";
		};
		54D89B0A2AF186FD003C2131 /* CreateAccount */ = {
			isa = PBXGroup;
			children = (
				54D89B0B2AF18719003C2131 /* CreateAccountViewController.swift */,
				54D89B0C2AF18719003C2131 /* CreateAccountViewController.xib */,
			);
			path = CreateAccount;
			sourceTree = "<group>";
		};
		54D89B0F2AF1872C003C2131 /* Login */ = {
			isa = PBXGroup;
			children = (
				54D89B102AF1873A003C2131 /* LoginViewController.swift */,
				54D89B112AF1873A003C2131 /* LoginViewController.xib */,
			);
			path = Login;
			sourceTree = "<group>";
		};
		54D89B142AF18B3B003C2131 /* Components */ = {
			isa = PBXGroup;
			children = (
				545BF9062AF19842008C9CFB /* TagView */,
				54D89B152AF18B49003C2131 /* UITextField */,
			);
			path = Components;
			sourceTree = "<group>";
		};
		54D89B152AF18B49003C2131 /* UITextField */ = {
			isa = PBXGroup;
			children = (
				54D89B162AF18B73003C2131 /* AppTextField.swift */,
			);
			path = UITextField;
			sourceTree = "<group>";
		};
		54FD9E012ADF023300977ABA = {
			isa = PBXGroup;
			children = (
				54FD9E0C2ADF023300977ABA /* MyTasks */,
				54FD9E0B2ADF023300977ABA /* Products */,
			);
			sourceTree = "<group>";
		};
		54FD9E0B2ADF023300977ABA /* Products */ = {
			isa = PBXGroup;
			children = (
				54FD9E0A2ADF023300977ABA /* MyTasks.app */,
			);
			name = Products;
			sourceTree = "<group>";
		};
		54FD9E0C2ADF023300977ABA /* MyTasks */ = {
			isa = PBXGroup;
			children = (
				54C111DF2AE30B5500EAFD50 /* App */,
				54D89B072AF18321003C2131 /* Utilities */,
				54B09DB02AEC38D5000EC488 /* Modules */,
				54FD9E132ADF023300977ABA /* Main.storyboard */,
				54FD9E182ADF023400977ABA /* LaunchScreen.storyboard */,
				54FD9E1B2ADF023400977ABA /* Info.plist */,
			);
			path = MyTasks;
			sourceTree = "<group>";
		};
/* End PBXGroup section */

/* Begin PBXNativeTarget section */
		54FD9E092ADF023300977ABA /* MyTasks */ = {
			isa = PBXNativeTarget;
			buildConfigurationList = 54FD9E1E2ADF023400977ABA /* Build configuration list for PBXNativeTarget "MyTasks" */;
			buildPhases = (
				54FD9E062ADF023300977ABA /* Sources */,
				54FD9E072ADF023300977ABA /* Frameworks */,
				54FD9E082ADF023300977ABA /* Resources */,
			);
			buildRules = (
			);
			dependencies = (
			);
			name = MyTasks;
			productName = MyTasks;
			productReference = 54FD9E0A2ADF023300977ABA /* MyTasks.app */;
			productType = "com.apple.product-type.application";
		};
/* End PBXNativeTarget section */

/* Begin PBXProject section */
		54FD9E022ADF023300977ABA /* Project object */ = {
			isa = PBXProject;
			attributes = {
				BuildIndependentTargetsInParallel = 1;
				LastSwiftUpdateCheck = 1430;
				LastUpgradeCheck = 1430;
				TargetAttributes = {
					54FD9E092ADF023300977ABA = {
						CreatedOnToolsVersion = 14.3;
						LastSwiftMigration = 1430;
					};
				};
			};
			buildConfigurationList = 54FD9E052ADF023300977ABA /* Build configuration list for PBXProject "MyTasks" */;
			compatibilityVersion = "Xcode 14.0";
			developmentRegion = en;
			hasScannedForEncodings = 0;
			knownRegions = (
				en,
				Base,
			);
			mainGroup = 54FD9E012ADF023300977ABA;
			productRefGroup = 54FD9E0B2ADF023300977ABA /* Products */;
			projectDirPath = "";
			projectRoot = "";
			targets = (
				54FD9E092ADF023300977ABA /* MyTasks */,
			);
		};
/* End PBXProject section */

/* Begin PBXResourcesBuildPhase section */
		54FD9E082ADF023300977ABA /* Resources */ = {
			isa = PBXResourcesBuildPhase;
			buildActionMask = 2147483647;
			files = (
				54D89B132AF1873A003C2131 /* LoginViewController.xib in Resources */,
				54FD9E1A2ADF023400977ABA /* LaunchScreen.storyboard in Resources */,
				54C111DC2AE3068E00EAFD50 /* Colors.xcassets in Resources */,
				54FD9E172ADF023400977ABA /* Assets.xcassets in Resources */,
				54D89B042AF1800D003C2131 /* IntroductionViewController.xib in Resources */,
				54B09DCD2AEC63BE000EC488 /* TaskCollectionViewCell.xib in Resources */,
				54AD39B62AFAC3DF00F0D087 /* TagSelectionCell.xib in Resources */,
				54FD9E152ADF023300977ABA /* Main.storyboard in Resources */,
				54B09DBE2AEC42AC000EC488 /* TaskTableViewCell.xib in Resources */,
				54AD39BE2AFADFA400F0D087 /* HorizontalCell.xib in Resources */,
				54D89B062AF18293003C2131 /* HomeViewController.xib in Resources */,
				54AD39AE2AFA899C00F0D087 /* TaskViewController.xib in Resources */,
				54D89B0E2AF18719003C2131 /* CreateAccountViewController.xib in Resources */,
				545BF90A2AF19882008C9CFB /* TagView.xib in Resources */,
			);
			runOnlyForDeploymentPostprocessing = 0;
		};
/* End PBXResourcesBuildPhase section */

/* Begin PBXSourcesBuildPhase section */
		54FD9E062ADF023300977ABA /* Sources */ = {
			isa = PBXSourcesBuildPhase;
			buildActionMask = 2147483647;
			files = (
				545BF9082AF19865008C9CFB /* TagView.swift in Sources */,
				54B09DBD2AEC42AC000EC488 /* TaskTableViewCell.swift in Sources */,
				54D89B092AF1832F003C2131 /* RootRouter.swift in Sources */,
				54FD9E122ADF023300977ABA /* IntroductionViewController.swift in Sources */,
				54FD9E0E2ADF023300977ABA /* AppDelegate.swift in Sources */,
				54D89B0D2AF18719003C2131 /* CreateAccountViewController.swift in Sources */,
				54AD39B52AFAC3DF00F0D087 /* TagSelectionCell.swift in Sources */,
				54AD39B92AFADA0F00F0D087 /* TaskFactory.swift in Sources */,
				54B09DC02AEC481B000EC488 /* UIColor+Extensions.swift in Sources */,
				54B09DD02AEC6630000EC488 /* Home+TableView.swift in Sources */,
				54AD39BD2AFADFA400F0D087 /* HorizontalCell.swift in Sources */,
				54AD39AD2AFA899C00F0D087 /* TaskViewController.swift in Sources */,
				54AD39A92AFA881E00F0D087 /* MyTasks.xcdatamodeld in Sources */,
				54AD39B02AFA92CD00F0D087 /* CoreDataManager.swift in Sources */,
				54B09DC82AEC5CA3000EC488 /* UICollectionView+Extensions.swift in Sources */,
				542AA0B32AE32224003B811B /* UIView+Extensions.swift in Sources */,
				54B09DC62AEC5B74000EC488 /* UITableView+Extensions.swift in Sources */,
				54FD9E102ADF023300977ABA /* SceneDelegate.swift in Sources */,
				54D89B172AF18B73003C2131 /* AppTextField.swift in Sources */,
				54B09DC42AEC4F51000EC488 /* MyTask.swift in Sources */,
				54B09DCC2AEC63BE000EC488 /* TaskCollectionViewCell.swift in Sources */,
				54D89B122AF1873A003C2131 /* LoginViewController.swift in Sources */,
				54C111DE2AE30A8D00EAFD50 /* SplashViewController.swift in Sources */,
				54B09DB72AEC3A3B000EC488 /* HomeViewController.swift in Sources */,
			);
			runOnlyForDeploymentPostprocessing = 0;
		};
/* End PBXSourcesBuildPhase section */

/* Begin PBXVariantGroup section */
		54FD9E132ADF023300977ABA /* Main.storyboard */ = {
			isa = PBXVariantGroup;
			children = (
				54FD9E142ADF023300977ABA /* Base */,
			);
			name = Main.storyboard;
			sourceTree = "<group>";
		};
		54FD9E182ADF023400977ABA /* LaunchScreen.storyboard */ = {
			isa = PBXVariantGroup;
			children = (
				54FD9E192ADF023400977ABA /* Base */,
			);
			name = LaunchScreen.storyboard;
			sourceTree = "<group>";
		};
/* End PBXVariantGroup section */

/* Begin XCBuildConfiguration section */
		54FD9E1C2ADF023400977ABA /* Debug */ = {
			isa = XCBuildConfiguration;
			buildSettings = {
				ALWAYS_SEARCH_USER_PATHS = NO;
				CLANG_ANALYZER_NONNULL = YES;
				CLANG_ANALYZER_NUMBER_OBJECT_CONVERSION = YES_AGGRESSIVE;
				CLANG_CXX_LANGUAGE_STANDARD = "gnu++20";
				CLANG_ENABLE_MODULES = YES;
				CLANG_ENABLE_OBJC_ARC = YES;
				CLANG_ENABLE_OBJC_WEAK = YES;
				CLANG_WARN_BLOCK_CAPTURE_AUTORELEASING = YES;
				CLANG_WARN_BOOL_CONVERSION = YES;
				CLANG_WARN_COMMA = YES;
				CLANG_WARN_CONSTANT_CONVERSION = YES;
				CLANG_WARN_DEPRECATED_OBJC_IMPLEMENTATIONS = YES;
				CLANG_WARN_DIRECT_OBJC_ISA_USAGE = YES_ERROR;
				CLANG_WARN_DOCUMENTATION_COMMENTS = YES;
				CLANG_WARN_EMPTY_BODY = YES;
				CLANG_WARN_ENUM_CONVERSION = YES;
				CLANG_WARN_INFINITE_RECURSION = YES;
				CLANG_WARN_INT_CONVERSION = YES;
				CLANG_WARN_NON_LITERAL_NULL_CONVERSION = YES;
				CLANG_WARN_OBJC_IMPLICIT_RETAIN_SELF = YES;
				CLANG_WARN_OBJC_LITERAL_CONVERSION = YES;
				CLANG_WARN_OBJC_ROOT_CLASS = YES_ERROR;
				CLANG_WARN_QUOTED_INCLUDE_IN_FRAMEWORK_HEADER = YES;
				CLANG_WARN_RANGE_LOOP_ANALYSIS = YES;
				CLANG_WARN_STRICT_PROTOTYPES = YES;
				CLANG_WARN_SUSPICIOUS_MOVE = YES;
				CLANG_WARN_UNGUARDED_AVAILABILITY = YES_AGGRESSIVE;
				CLANG_WARN_UNREACHABLE_CODE = YES;
				CLANG_WARN__DUPLICATE_METHOD_MATCH = YES;
				COPY_PHASE_STRIP = NO;
				DEBUG_INFORMATION_FORMAT = dwarf;
				ENABLE_STRICT_OBJC_MSGSEND = YES;
				ENABLE_TESTABILITY = YES;
				GCC_C_LANGUAGE_STANDARD = gnu11;
				GCC_DYNAMIC_NO_PIC = NO;
				GCC_NO_COMMON_BLOCKS = YES;
				GCC_OPTIMIZATION_LEVEL = 0;
				GCC_PREPROCESSOR_DEFINITIONS = (
					"DEBUG=1",
					"$(inherited)",
				);
				GCC_WARN_64_TO_32_BIT_CONVERSION = YES;
				GCC_WARN_ABOUT_RETURN_TYPE = YES_ERROR;
				GCC_WARN_UNDECLARED_SELECTOR = YES;
				GCC_WARN_UNINITIALIZED_AUTOS = YES_AGGRESSIVE;
				GCC_WARN_UNUSED_FUNCTION = YES;
				GCC_WARN_UNUSED_VARIABLE = YES;
				IPHONEOS_DEPLOYMENT_TARGET = 16.4;
				MTL_ENABLE_DEBUG_INFO = INCLUDE_SOURCE;
				MTL_FAST_MATH = YES;
				ONLY_ACTIVE_ARCH = YES;
				SDKROOT = iphoneos;
				SWIFT_ACTIVE_COMPILATION_CONDITIONS = DEBUG;
				SWIFT_OPTIMIZATION_LEVEL = "-Onone";
			};
			name = Debug;
		};
		54FD9E1D2ADF023400977ABA /* Release */ = {
			isa = XCBuildConfiguration;
			buildSettings = {
				ALWAYS_SEARCH_USER_PATHS = NO;
				CLANG_ANALYZER_NONNULL = YES;
				CLANG_ANALYZER_NUMBER_OBJECT_CONVERSION = YES_AGGRESSIVE;
				CLANG_CXX_LANGUAGE_STANDARD = "gnu++20";
				CLANG_ENABLE_MODULES = YES;
				CLANG_ENABLE_OBJC_ARC = YES;
				CLANG_ENABLE_OBJC_WEAK = YES;
				CLANG_WARN_BLOCK_CAPTURE_AUTORELEASING = YES;
				CLANG_WARN_BOOL_CONVERSION = YES;
				CLANG_WARN_COMMA = YES;
				CLANG_WARN_CONSTANT_CONVERSION = YES;
				CLANG_WARN_DEPRECATED_OBJC_IMPLEMENTATIONS = YES;
				CLANG_WARN_DIRECT_OBJC_ISA_USAGE = YES_ERROR;
				CLANG_WARN_DOCUMENTATION_COMMENTS = YES;
				CLANG_WARN_EMPTY_BODY = YES;
				CLANG_WARN_ENUM_CONVERSION = YES;
				CLANG_WARN_INFINITE_RECURSION = YES;
				CLANG_WARN_INT_CONVERSION = YES;
				CLANG_WARN_NON_LITERAL_NULL_CONVERSION = YES;
				CLANG_WARN_OBJC_IMPLICIT_RETAIN_SELF = YES;
				CLANG_WARN_OBJC_LITERAL_CONVERSION = YES;
				CLANG_WARN_OBJC_ROOT_CLASS = YES_ERROR;
				CLANG_WARN_QUOTED_INCLUDE_IN_FRAMEWORK_HEADER = YES;
				CLANG_WARN_RANGE_LOOP_ANALYSIS = YES;
				CLANG_WARN_STRICT_PROTOTYPES = YES;
				CLANG_WARN_SUSPICIOUS_MOVE = YES;
				CLANG_WARN_UNGUARDED_AVAILABILITY = YES_AGGRESSIVE;
				CLANG_WARN_UNREACHABLE_CODE = YES;
				CLANG_WARN__DUPLICATE_METHOD_MATCH = YES;
				COPY_PHASE_STRIP = NO;
				DEBUG_INFORMATION_FORMAT = "dwarf-with-dsym";
				ENABLE_NS_ASSERTIONS = NO;
				ENABLE_STRICT_OBJC_MSGSEND = YES;
				GCC_C_LANGUAGE_STANDARD = gnu11;
				GCC_NO_COMMON_BLOCKS = YES;
				GCC_WARN_64_TO_32_BIT_CONVERSION = YES;
				GCC_WARN_ABOUT_RETURN_TYPE = YES_ERROR;
				GCC_WARN_UNDECLARED_SELECTOR = YES;
				GCC_WARN_UNINITIALIZED_AUTOS = YES_AGGRESSIVE;
				GCC_WARN_UNUSED_FUNCTION = YES;
				GCC_WARN_UNUSED_VARIABLE = YES;
				IPHONEOS_DEPLOYMENT_TARGET = 16.4;
				MTL_ENABLE_DEBUG_INFO = NO;
				MTL_FAST_MATH = YES;
				SDKROOT = iphoneos;
				SWIFT_COMPILATION_MODE = wholemodule;
				SWIFT_OPTIMIZATION_LEVEL = "-O";
				VALIDATE_PRODUCT = YES;
			};
			name = Release;
		};
		54FD9E1F2ADF023400977ABA /* Debug */ = {
			isa = XCBuildConfiguration;
			buildSettings = {
				ASSETCATALOG_COMPILER_APPICON_NAME = AppIcon;
				ASSETCATALOG_COMPILER_GLOBAL_ACCENT_COLOR_NAME = AccentColor;
				CLANG_ENABLE_MODULES = YES;
				CODE_SIGN_STYLE = Automatic;
				CURRENT_PROJECT_VERSION = 1;
				GENERATE_INFOPLIST_FILE = YES;
				INFOPLIST_FILE = MyTasks/Info.plist;
				INFOPLIST_KEY_UIApplicationSupportsIndirectInputEvents = YES;
				INFOPLIST_KEY_UILaunchStoryboardName = LaunchScreen;
				INFOPLIST_KEY_UIMainStoryboardFile = Main;
				INFOPLIST_KEY_UISupportedInterfaceOrientations_iPad = "UIInterfaceOrientationPortrait UIInterfaceOrientationPortraitUpsideDown UIInterfaceOrientationLandscapeLeft UIInterfaceOrientationLandscapeRight";
				INFOPLIST_KEY_UISupportedInterfaceOrientations_iPhone = "UIInterfaceOrientationPortrait UIInterfaceOrientationLandscapeLeft UIInterfaceOrientationLandscapeRight";
				LD_RUNPATH_SEARCH_PATHS = (
					"$(inherited)",
					"@executable_path/Frameworks",
				);
				MARKETING_VERSION = 1.0;
				PRODUCT_BUNDLE_IDENTIFIER = com.atmoshpere.MyTasks;
				PRODUCT_NAME = "$(TARGET_NAME)";
				SWIFT_EMIT_LOC_STRINGS = YES;
				SWIFT_OPTIMIZATION_LEVEL = "-Onone";
				SWIFT_VERSION = 5.0;
				TARGETED_DEVICE_FAMILY = "1,2";
			};
			name = Debug;
		};
		54FD9E202ADF023400977ABA /* Release */ = {
			isa = XCBuildConfiguration;
			buildSettings = {
				ASSETCATALOG_COMPILER_APPICON_NAME = AppIcon;
				ASSETCATALOG_COMPILER_GLOBAL_ACCENT_COLOR_NAME = AccentColor;
				CLANG_ENABLE_MODULES = YES;
				CODE_SIGN_STYLE = Automatic;
				CURRENT_PROJECT_VERSION = 1;
				GENERATE_INFOPLIST_FILE = YES;
				INFOPLIST_FILE = MyTasks/Info.plist;
				INFOPLIST_KEY_UIApplicationSupportsIndirectInputEvents = YES;
				INFOPLIST_KEY_UILaunchStoryboardName = LaunchScreen;
				INFOPLIST_KEY_UIMainStoryboardFile = Main;
				INFOPLIST_KEY_UISupportedInterfaceOrientations_iPad = "UIInterfaceOrientationPortrait UIInterfaceOrientationPortraitUpsideDown UIInterfaceOrientationLandscapeLeft UIInterfaceOrientationLandscapeRight";
				INFOPLIST_KEY_UISupportedInterfaceOrientations_iPhone = "UIInterfaceOrientationPortrait UIInterfaceOrientationLandscapeLeft UIInterfaceOrientationLandscapeRight";
				LD_RUNPATH_SEARCH_PATHS = (
					"$(inherited)",
					"@executable_path/Frameworks",
				);
				MARKETING_VERSION = 1.0;
				PRODUCT_BUNDLE_IDENTIFIER = com.atmoshpere.MyTasks;
				PRODUCT_NAME = "$(TARGET_NAME)";
				SWIFT_EMIT_LOC_STRINGS = YES;
				SWIFT_VERSION = 5.0;
				TARGETED_DEVICE_FAMILY = "1,2";
			};
			name = Release;
		};
/* End XCBuildConfiguration section */

/* Begin XCConfigurationList section */
		54FD9E052ADF023300977ABA /* Build configuration list for PBXProject "MyTasks" */ = {
			isa = XCConfigurationList;
			buildConfigurations = (
				54FD9E1C2ADF023400977ABA /* Debug */,
				54FD9E1D2ADF023400977ABA /* Release */,
			);
			defaultConfigurationIsVisible = 0;
			defaultConfigurationName = Release;
		};
		54FD9E1E2ADF023400977ABA /* Build configuration list for PBXNativeTarget "MyTasks" */ = {
			isa = XCConfigurationList;
			buildConfigurations = (
				54FD9E1F2ADF023400977ABA /* Debug */,
				54FD9E202ADF023400977ABA /* Release */,
			);
			defaultConfigurationIsVisible = 0;
			defaultConfigurationName = Release;
		};
/* End XCConfigurationList section */

/* Begin XCVersionGroup section */
		54AD39A72AFA881E00F0D087 /* MyTasks.xcdatamodeld */ = {
			isa = XCVersionGroup;
			children = (
				54AD39A82AFA881E00F0D087 /* MyTasks.xcdatamodel */,
			);
			currentVersion = 54AD39A82AFA881E00F0D087 /* MyTasks.xcdatamodel */;
			path = MyTasks.xcdatamodeld;
			sourceTree = "<group>";
			versionGroupType = wrapper.xcdatamodel;
		};
/* End XCVersionGroup section */
	};
	rootObject = 54FD9E022ADF023300977ABA /* Project object */;
}
